
Microsoft Visual Studio Solution File, Format Version 12.00
Project("{FAE04EC0-301F-11D3-BF4B-00C04F79EFBC}") = "ConfigurationProvider.Api", "src\ConfigurationProvider.Api\ConfigurationProvider.Api.csproj", "{FFA2E24C-558E-43CD-BB7C-9217665E48C0}"
EndProject
Project("{2150E333-8FDC-42A3-9474-1A3956D46DE8}") = "src", "src", "{C686C304-07B5-435E-982E-E3867E4384D9}"
EndProject
Project("{2150E333-8FDC-42A3-9474-1A3956D46DE8}") = "tests", "tests", "{A9AD528C-970A-4B50-9CA7-3FA10088CB56}"
EndProject
Project("{FAE04EC0-301F-11D3-BF4B-00C04F79EFBC}") = "ConfigurationProvider.Tests", "tests\ConfigurationProvider.Tests\ConfigurationProvider.Tests.csproj", "{DB93574E-B438-4E4F-ABCF-B8F5C2154B3D}"
EndProject
Global
	GlobalSection(SolutionConfigurationPlatforms) = preSolution
		Debug|Any CPU = Debug|Any CPU
		Release|Any CPU = Release|Any CPU
	EndGlobalSection
	GlobalSection(ProjectConfigurationPlatforms) = postSolution
		{FFA2E24C-558E-43CD-BB7C-9217665E48C0}.Debug|Any CPU.ActiveCfg = Debug|Any CPU
		{FFA2E24C-558E-43CD-BB7C-9217665E48C0}.Debug|Any CPU.Build.0 = Debug|Any CPU
		{FFA2E24C-558E-43CD-BB7C-9217665E48C0}.Release|Any CPU.ActiveCfg = Release|Any CPU
		{FFA2E24C-558E-43CD-BB7C-9217665E48C0}.Release|Any CPU.Build.0 = Release|Any CPU
		{DB93574E-B438-4E4F-ABCF-B8F5C2154B3D}.Debug|Any CPU.ActiveCfg = Debug|Any CPU
		{DB93574E-B438-4E4F-ABCF-B8F5C2154B3D}.Debug|Any CPU.Build.0 = Debug|Any CPU
		{DB93574E-B438-4E4F-ABCF-B8F5C2154B3D}.Release|Any CPU.ActiveCfg = Release|Any CPU
		{DB93574E-B438-4E4F-ABCF-B8F5C2154B3D}.Release|Any CPU.Build.0 = Release|Any CPU
	EndGlobalSection
	GlobalSection(NestedProjects) = preSolution
		{FFA2E24C-558E-43CD-BB7C-9217665E48C0} = {C686C304-07B5-435E-982E-E3867E4384D9}
		{DB93574E-B438-4E4F-ABCF-B8F5C2154B3D} = {A9AD528C-970A-4B50-9CA7-3FA10088CB56}
	EndGlobalSection
EndGlobal
